// !$*UTF8*$!
{
	archiveVersion = 1;
	classes = {
	};
	objectVersion = 55;
	objects = {

/* Begin PBXBuildFile section */
		195D817946C0FF4CAAE0BEF8 /* Pods_Blog_App.framework in Frameworks */ = {isa = PBXBuildFile; fileRef = 619A691D860599F69981DA10 /* Pods_Blog_App.framework */; };
		D301CAC12877358B004E4688 /* SignInViewController.swift in Sources */ = {isa = PBXBuildFile; fileRef = D301CAC02877358B004E4688 /* SignInViewController.swift */; };
		D301CAC328773596004E4688 /* SignUpViewController.swift in Sources */ = {isa = PBXBuildFile; fileRef = D301CAC228773596004E4688 /* SignUpViewController.swift */; };
		D301CAC5287735E3004E4688 /* HomeViewController.swift in Sources */ = {isa = PBXBuildFile; fileRef = D301CAC4287735E3004E4688 /* HomeViewController.swift */; };
		D301CAC7287735EF004E4688 /* ProfileViewController.swift in Sources */ = {isa = PBXBuildFile; fileRef = D301CAC6287735EF004E4688 /* ProfileViewController.swift */; };
		D301CAC928773613004E4688 /* TabBarController.swift in Sources */ = {isa = PBXBuildFile; fileRef = D301CAC828773613004E4688 /* TabBarController.swift */; };
		D301CACB2877390A004E4688 /* CreateNewPostViewController.swift in Sources */ = {isa = PBXBuildFile; fileRef = D301CACA2877390A004E4688 /* CreateNewPostViewController.swift */; };
		D301CACD28773927004E4688 /* ViewPostViewController.swift in Sources */ = {isa = PBXBuildFile; fileRef = D301CACC28773927004E4688 /* ViewPostViewController.swift */; };
		D301CAD028773972004E4688 /* PayWallViewController.swift in Sources */ = {isa = PBXBuildFile; fileRef = D301CACF28773972004E4688 /* PayWallViewController.swift */; };
		D3184C0428735636009F046B /* User.swift in Sources */ = {isa = PBXBuildFile; fileRef = D3184C0328735636009F046B /* User.swift */; };
		D3184C0628735640009F046B /* BlogPost.swift in Sources */ = {isa = PBXBuildFile; fileRef = D3184C0528735640009F046B /* BlogPost.swift */; };
		D328E5872885D28100C48E23 /* StoreKitTestCertificate.cer in Resources */ = {isa = PBXBuildFile; fileRef = D328E5862885D28100C48E23 /* StoreKitTestCertificate.cer */; };
		D328E5892885D5D600C48E23 /* PayWallHeaderVie.swift in Sources */ = {isa = PBXBuildFile; fileRef = D328E5882885D5D600C48E23 /* PayWallHeaderVie.swift */; };
		D328E58B2889396300C48E23 /* SignInHeaderView.swift in Sources */ = {isa = PBXBuildFile; fileRef = D328E58A2889396300C48E23 /* SignInHeaderView.swift */; };
		D334444C2870638500EBA31A /* AppDelegate.swift in Sources */ = {isa = PBXBuildFile; fileRef = D334444B2870638500EBA31A /* AppDelegate.swift */; };
		D334444E2870638500EBA31A /* SceneDelegate.swift in Sources */ = {isa = PBXBuildFile; fileRef = D334444D2870638500EBA31A /* SceneDelegate.swift */; };
		D33444552870638600EBA31A /* Assets.xcassets in Resources */ = {isa = PBXBuildFile; fileRef = D33444542870638600EBA31A /* Assets.xcassets */; };
		D33444582870638600EBA31A /* LaunchScreen.storyboard in Resources */ = {isa = PBXBuildFile; fileRef = D33444562870638600EBA31A /* LaunchScreen.storyboard */; };
		D334446E287083BB00EBA31A /* IAPManager.swift in Sources */ = {isa = PBXBuildFile; fileRef = D334446D287083BB00EBA31A /* IAPManager.swift */; };
		D3344470287083D200EBA31A /* DataBaseManager.swift in Sources */ = {isa = PBXBuildFile; fileRef = D334446F287083D200EBA31A /* DataBaseManager.swift */; };
		D3344472287083EA00EBA31A /* AuthManager.swift in Sources */ = {isa = PBXBuildFile; fileRef = D3344471287083EA00EBA31A /* AuthManager.swift */; };
		D33444742870840E00EBA31A /* StorageManager.swift in Sources */ = {isa = PBXBuildFile; fileRef = D33444732870840E00EBA31A /* StorageManager.swift */; };
		D33CF7CE28806D6A00411DBF /* PayWallDescriptionView.swift in Sources */ = {isa = PBXBuildFile; fileRef = D33CF7CD28806D6A00411DBF /* PayWallDescriptionView.swift */; };
		D3A4B421287BE86A009CB3C6 /* PayWallHeaderView.swift in Sources */ = {isa = PBXBuildFile; fileRef = D3A4B420287BE86A009CB3C6 /* PayWallHeaderView.swift */; };
		D3A4B423287BEE0C009CB3C6 /* Extensions.swift in Sources */ = {isa = PBXBuildFile; fileRef = D3A4B422287BEE0C009CB3C6 /* Extensions.swift */; };
		D3DCC7D72871732E002CCD3C /* GoogleService-Info.plist in Resources */ = {isa = PBXBuildFile; fileRef = D3DCC7D62871732E002CCD3C /* GoogleService-Info.plist */; };
/* End PBXBuildFile section */

/* Begin PBXFileReference section */
		33C48FDCDCA5DD963B6C7134 /* Pods-Blog App.debug.xcconfig */ = {isa = PBXFileReference; includeInIndex = 1; lastKnownFileType = text.xcconfig; name = "Pods-Blog App.debug.xcconfig"; path = "Target Support Files/Pods-Blog App/Pods-Blog App.debug.xcconfig"; sourceTree = "<group>"; };
		619A691D860599F69981DA10 /* Pods_Blog_App.framework */ = {isa = PBXFileReference; explicitFileType = wrapper.framework; includeInIndex = 0; path = Pods_Blog_App.framework; sourceTree = BUILT_PRODUCTS_DIR; };
		CB9E100D96D0A637D461047E /* Pods-Blog App.release.xcconfig */ = {isa = PBXFileReference; includeInIndex = 1; lastKnownFileType = text.xcconfig; name = "Pods-Blog App.release.xcconfig"; path = "Target Support Files/Pods-Blog App/Pods-Blog App.release.xcconfig"; sourceTree = "<group>"; };
		D301CAC02877358B004E4688 /* SignInViewController.swift */ = {isa = PBXFileReference; lastKnownFileType = sourcecode.swift; path = SignInViewController.swift; sourceTree = "<group>"; };
		D301CAC228773596004E4688 /* SignUpViewController.swift */ = {isa = PBXFileReference; lastKnownFileType = sourcecode.swift; path = SignUpViewController.swift; sourceTree = "<group>"; };
		D301CAC4287735E3004E4688 /* HomeViewController.swift */ = {isa = PBXFileReference; lastKnownFileType = sourcecode.swift; path = HomeViewController.swift; sourceTree = "<group>"; };
		D301CAC6287735EF004E4688 /* ProfileViewController.swift */ = {isa = PBXFileReference; lastKnownFileType = sourcecode.swift; path = ProfileViewController.swift; sourceTree = "<group>"; };
		D301CAC828773613004E4688 /* TabBarController.swift */ = {isa = PBXFileReference; lastKnownFileType = sourcecode.swift; path = TabBarController.swift; sourceTree = "<group>"; };
		D301CACA2877390A004E4688 /* CreateNewPostViewController.swift */ = {isa = PBXFileReference; lastKnownFileType = sourcecode.swift; path = CreateNewPostViewController.swift; sourceTree = "<group>"; };
		D301CACC28773927004E4688 /* ViewPostViewController.swift */ = {isa = PBXFileReference; lastKnownFileType = sourcecode.swift; path = ViewPostViewController.swift; sourceTree = "<group>"; };
		D301CACF28773972004E4688 /* PayWallViewController.swift */ = {isa = PBXFileReference; lastKnownFileType = sourcecode.swift; path = PayWallViewController.swift; sourceTree = "<group>"; };
		D3184C0328735636009F046B /* User.swift */ = {isa = PBXFileReference; lastKnownFileType = sourcecode.swift; path = User.swift; sourceTree = "<group>"; };
		D3184C0528735640009F046B /* BlogPost.swift */ = {isa = PBXFileReference; lastKnownFileType = sourcecode.swift; path = BlogPost.swift; sourceTree = "<group>"; };
		D328E5862885D28100C48E23 /* StoreKitTestCertificate.cer */ = {isa = PBXFileReference; lastKnownFileType = file; path = StoreKitTestCertificate.cer; sourceTree = "<group>"; };
		D328E5882885D5D600C48E23 /* PayWallHeaderVie.swift */ = {isa = PBXFileReference; lastKnownFileType = sourcecode.swift; path = PayWallHeaderVie.swift; sourceTree = "<group>"; };
		D328E58A2889396300C48E23 /* SignInHeaderView.swift */ = {isa = PBXFileReference; lastKnownFileType = sourcecode.swift; path = SignInHeaderView.swift; sourceTree = "<group>"; };
		D33444482870638500EBA31A /* Blog App.app */ = {isa = PBXFileReference; explicitFileType = wrapper.application; includeInIndex = 0; path = "Blog App.app"; sourceTree = BUILT_PRODUCTS_DIR; };
		D334444B2870638500EBA31A /* AppDelegate.swift */ = {isa = PBXFileReference; lastKnownFileType = sourcecode.swift; path = AppDelegate.swift; sourceTree = "<group>"; };
		D334444D2870638500EBA31A /* SceneDelegate.swift */ = {isa = PBXFileReference; lastKnownFileType = sourcecode.swift; path = SceneDelegate.swift; sourceTree = "<group>"; };
		D33444542870638600EBA31A /* Assets.xcassets */ = {isa = PBXFileReference; lastKnownFileType = folder.assetcatalog; path = Assets.xcassets; sourceTree = "<group>"; };
		D33444572870638600EBA31A /* Base */ = {isa = PBXFileReference; lastKnownFileType = file.storyboard; name = Base; path = Base.lproj/LaunchScreen.storyboard; sourceTree = "<group>"; };
		D33444592870638600EBA31A /* Info.plist */ = {isa = PBXFileReference; lastKnownFileType = text.plist.xml; path = Info.plist; sourceTree = "<group>"; };
		D334446D287083BB00EBA31A /* IAPManager.swift */ = {isa = PBXFileReference; lastKnownFileType = sourcecode.swift; path = IAPManager.swift; sourceTree = "<group>"; };
		D334446F287083D200EBA31A /* DataBaseManager.swift */ = {isa = PBXFileReference; lastKnownFileType = sourcecode.swift; path = DataBaseManager.swift; sourceTree = "<group>"; };
		D3344471287083EA00EBA31A /* AuthManager.swift */ = {isa = PBXFileReference; lastKnownFileType = sourcecode.swift; path = AuthManager.swift; sourceTree = "<group>"; };
		D33444732870840E00EBA31A /* StorageManager.swift */ = {isa = PBXFileReference; lastKnownFileType = sourcecode.swift; path = StorageManager.swift; sourceTree = "<group>"; };
		D33CF7CD28806D6A00411DBF /* PayWallDescriptionView.swift */ = {isa = PBXFileReference; lastKnownFileType = sourcecode.swift; path = PayWallDescriptionView.swift; sourceTree = "<group>"; };
		D3A4B420287BE86A009CB3C6 /* PayWallHeaderView.swift */ = {isa = PBXFileReference; fileEncoding = 4; lastKnownFileType = sourcecode.swift; path = PayWallHeaderView.swift; sourceTree = "<group>"; };
		D3A4B422287BEE0C009CB3C6 /* Extensions.swift */ = {isa = PBXFileReference; lastKnownFileType = sourcecode.swift; path = Extensions.swift; sourceTree = "<group>"; };
		D3DCC7D62871732E002CCD3C /* GoogleService-Info.plist */ = {isa = PBXFileReference; fileEncoding = 4; lastKnownFileType = text.plist.xml; path = "GoogleService-Info.plist"; sourceTree = "<group>"; };
		D3E631B42879D76700606D29 /* Configuration.storekit */ = {isa = PBXFileReference; lastKnownFileType = text; path = Configuration.storekit; sourceTree = "<group>"; };
/* End PBXFileReference section */

/* Begin PBXFrameworksBuildPhase section */
		D33444452870638500EBA31A /* Frameworks */ = {
			isa = PBXFrameworksBuildPhase;
			buildActionMask = 2147483647;
			files = (
				195D817946C0FF4CAAE0BEF8 /* Pods_Blog_App.framework in Frameworks */,
			);
			runOnlyForDeploymentPostprocessing = 0;
		};
/* End PBXFrameworksBuildPhase section */

/* Begin PBXGroup section */
		8836BA8568876BEF5879F68D /* Frameworks */ = {
			isa = PBXGroup;
			children = (
				619A691D860599F69981DA10 /* Pods_Blog_App.framework */,
			);
			name = Frameworks;
			sourceTree = "<group>";
		};
		BEA6B98E9F51F212D5FC1B72 /* Pods */ = {
			isa = PBXGroup;
			children = (
				33C48FDCDCA5DD963B6C7134 /* Pods-Blog App.debug.xcconfig */,
				CB9E100D96D0A637D461047E /* Pods-Blog App.release.xcconfig */,
			);
			path = Pods;
			sourceTree = "<group>";
		};
		D301CABC2877352B004E4688 /* Controllers */ = {
			isa = PBXGroup;
			children = (
				D301CACE28773942004E4688 /* Other */,
				D301CABF28773567004E4688 /* Core Tabs */,
				D301CABE2877355F004E4688 /* Posts */,
				D301CABD28773538004E4688 /* Auth Tabs */,
			);
			path = Controllers;
			sourceTree = "<group>";
		};
		D301CABD28773538004E4688 /* Auth Tabs */ = {
			isa = PBXGroup;
			children = (
				D301CAC02877358B004E4688 /* SignInViewController.swift */,
				D301CAC228773596004E4688 /* SignUpViewController.swift */,
			);
			path = "Auth Tabs";
			sourceTree = "<group>";
		};
		D301CABE2877355F004E4688 /* Posts */ = {
			isa = PBXGroup;
			children = (
				D301CACA2877390A004E4688 /* CreateNewPostViewController.swift */,
				D3E631B42879D76700606D29 /* Configuration.storekit */,
				D328E5862885D28100C48E23 /* StoreKitTestCertificate.cer */,
				D301CACC28773927004E4688 /* ViewPostViewController.swift */,
			);
			path = Posts;
			sourceTree = "<group>";
		};
		D301CABF28773567004E4688 /* Core Tabs */ = {
			isa = PBXGroup;
			children = (
				D301CAC4287735E3004E4688 /* HomeViewController.swift */,
				D301CAC6287735EF004E4688 /* ProfileViewController.swift */,
				D301CAC828773613004E4688 /* TabBarController.swift */,
			);
			path = "Core Tabs";
			sourceTree = "<group>";
		};
		D301CACE28773942004E4688 /* Other */ = {
			isa = PBXGroup;
			children = (
				D328E5882885D5D600C48E23 /* PayWallHeaderVie.swift */,
				D301CACF28773972004E4688 /* PayWallViewController.swift */,
				D33CF7CD28806D6A00411DBF /* PayWallDescriptionView.swift */,
				D3A4B422287BEE0C009CB3C6 /* Extensions.swift */,
			);
			path = Other;
			sourceTree = "<group>";
		};
		D334443F2870638500EBA31A = {
			isa = PBXGroup;
			children = (
				D334444A2870638500EBA31A /* Blog App */,
				D33444492870638500EBA31A /* Products */,
				BEA6B98E9F51F212D5FC1B72 /* Pods */,
				8836BA8568876BEF5879F68D /* Frameworks */,
			);
			sourceTree = "<group>";
		};
		D33444492870638500EBA31A /* Products */ = {
			isa = PBXGroup;
			children = (
				D33444482870638500EBA31A /* Blog App.app */,
			);
			name = Products;
			sourceTree = "<group>";
		};
		D334444A2870638500EBA31A /* Blog App */ = {
			isa = PBXGroup;
			children = (
				D3344462287066F800EBA31A /* Models */,
				D3344461287066E500EBA31A /* Other */,
				D3344460287066DF00EBA31A /* Managers */,
				D33444542870638600EBA31A /* Assets.xcassets */,
				D301CABC2877352B004E4688 /* Controllers */,
				D3A4B41F287BE85C009CB3C6 /* Views */,
				D33444592870638600EBA31A /* Info.plist */,
			);
			path = "Blog App";
			sourceTree = "<group>";
		};
		D3344460287066DF00EBA31A /* Managers */ = {
			isa = PBXGroup;
			children = (
				D334446D287083BB00EBA31A /* IAPManager.swift */,
				D334446F287083D200EBA31A /* DataBaseManager.swift */,
				D3344471287083EA00EBA31A /* AuthManager.swift */,
				D33444732870840E00EBA31A /* StorageManager.swift */,
			);
			path = Managers;
			sourceTree = "<group>";
		};
		D3344461287066E500EBA31A /* Other */ = {
			isa = PBXGroup;
			children = (
				D334444B2870638500EBA31A /* AppDelegate.swift */,
				D334444D2870638500EBA31A /* SceneDelegate.swift */,
				D3DCC7D62871732E002CCD3C /* GoogleService-Info.plist */,
			);
			path = Other;
			sourceTree = "<group>";
		};
		D3344462287066F800EBA31A /* Models */ = {
			isa = PBXGroup;
			children = (
				D3184C0328735636009F046B /* User.swift */,
				D3184C0528735640009F046B /* BlogPost.swift */,
			);
			path = Models;
			sourceTree = "<group>";
		};
		D3A4B41F287BE85C009CB3C6 /* Views */ = {
			isa = PBXGroup;
			children = (
				D3A4B420287BE86A009CB3C6 /* PayWallHeaderView.swift */,
				D328E58A2889396300C48E23 /* SignInHeaderView.swift */,
				D33444562870638600EBA31A /* LaunchScreen.storyboard */,
			);
			path = Views;
			sourceTree = "<group>";
		};
/* End PBXGroup section */

/* Begin PBXNativeTarget section */
		D33444472870638500EBA31A /* Blog App */ = {
			isa = PBXNativeTarget;
			buildConfigurationList = D334445C2870638600EBA31A /* Build configuration list for PBXNativeTarget "Blog App" */;
			buildPhases = (
				F81D0E608416109B3AAEDF49 /* [CP] Check Pods Manifest.lock */,
				D33444442870638500EBA31A /* Sources */,
				D33444452870638500EBA31A /* Frameworks */,
				D33444462870638500EBA31A /* Resources */,
				C2428548F12B8E78EF65BCD9 /* [CP] Embed Pods Frameworks */,
			);
			buildRules = (
			);
			dependencies = (
			);
			name = "Blog App";
			productName = "Blog App";
			productReference = D33444482870638500EBA31A /* Blog App.app */;
			productType = "com.apple.product-type.application";
		};
/* End PBXNativeTarget section */

/* Begin PBXProject section */
		D33444402870638500EBA31A /* Project object */ = {
			isa = PBXProject;
			attributes = {
				BuildIndependentTargetsInParallel = 1;
				LastSwiftUpdateCheck = 1340;
				LastUpgradeCheck = 1340;
				TargetAttributes = {
					D33444472870638500EBA31A = {
						CreatedOnToolsVersion = 13.4.1;
					};
				};
			};
			buildConfigurationList = D33444432870638500EBA31A /* Build configuration list for PBXProject "Blog App" */;
			compatibilityVersion = "Xcode 13.0";
			developmentRegion = en;
			hasScannedForEncodings = 0;
			knownRegions = (
				en,
				Base,
			);
			mainGroup = D334443F2870638500EBA31A;
			productRefGroup = D33444492870638500EBA31A /* Products */;
			projectDirPath = "";
			projectRoot = "";
			targets = (
				D33444472870638500EBA31A /* Blog App */,
			);
		};
/* End PBXProject section */

/* Begin PBXResourcesBuildPhase section */
		D33444462870638500EBA31A /* Resources */ = {
			isa = PBXResourcesBuildPhase;
			buildActionMask = 2147483647;
			files = (
				D33444582870638600EBA31A /* LaunchScreen.storyboard in Resources */,
				D33444552870638600EBA31A /* Assets.xcassets in Resources */,
				D3DCC7D72871732E002CCD3C /* GoogleService-Info.plist in Resources */,
				D328E5872885D28100C48E23 /* StoreKitTestCertificate.cer in Resources */,
			);
			runOnlyForDeploymentPostprocessing = 0;
		};
/* End PBXResourcesBuildPhase section */

/* Begin PBXShellScriptBuildPhase section */
		C2428548F12B8E78EF65BCD9 /* [CP] Embed Pods Frameworks */ = {
			isa = PBXShellScriptBuildPhase;
			buildActionMask = 2147483647;
			files = (
			);
			inputFileListPaths = (
				"${PODS_ROOT}/Target Support Files/Pods-Blog App/Pods-Blog App-frameworks-${CONFIGURATION}-input-files.xcfilelist",
			);
			name = "[CP] Embed Pods Frameworks";
			outputFileListPaths = (
				"${PODS_ROOT}/Target Support Files/Pods-Blog App/Pods-Blog App-frameworks-${CONFIGURATION}-output-files.xcfilelist",
			);
			runOnlyForDeploymentPostprocessing = 0;
			shellPath = /bin/sh;
			shellScript = "\"${PODS_ROOT}/Target Support Files/Pods-Blog App/Pods-Blog App-frameworks.sh\"\n";
			showEnvVarsInLog = 0;
		};
		F81D0E608416109B3AAEDF49 /* [CP] Check Pods Manifest.lock */ = {
			isa = PBXShellScriptBuildPhase;
			buildActionMask = 2147483647;
			files = (
			);
			inputFileListPaths = (
			);
			inputPaths = (
				"${PODS_PODFILE_DIR_PATH}/Podfile.lock",
				"${PODS_ROOT}/Manifest.lock",
			);
			name = "[CP] Check Pods Manifest.lock";
			outputFileListPaths = (
			);
			outputPaths = (
				"$(DERIVED_FILE_DIR)/Pods-Blog App-checkManifestLockResult.txt",
			);
			runOnlyForDeploymentPostprocessing = 0;
			shellPath = /bin/sh;
			shellScript = "diff \"${PODS_PODFILE_DIR_PATH}/Podfile.lock\" \"${PODS_ROOT}/Manifest.lock\" > /dev/null\nif [ $? != 0 ] ; then\n    # print error to STDERR\n    echo \"error: The sandbox is not in sync with the Podfile.lock. Run 'pod install' or update your CocoaPods installation.\" >&2\n    exit 1\nfi\n# This output is used by Xcode 'outputs' to avoid re-running this script phase.\necho \"SUCCESS\" > \"${SCRIPT_OUTPUT_FILE_0}\"\n";
			showEnvVarsInLog = 0;
		};
/* End PBXShellScriptBuildPhase section */

/* Begin PBXSourcesBuildPhase section */
		D33444442870638500EBA31A /* Sources */ = {
			isa = PBXSourcesBuildPhase;
			buildActionMask = 2147483647;
			files = (
				D328E5892885D5D600C48E23 /* PayWallHeaderVie.swift in Sources */,
				D3184C0628735640009F046B /* BlogPost.swift in Sources */,
				D33CF7CE28806D6A00411DBF /* PayWallDescriptionView.swift in Sources */,
				D3A4B423287BEE0C009CB3C6 /* Extensions.swift in Sources */,
				D301CAC928773613004E4688 /* TabBarController.swift in Sources */,
				D33444742870840E00EBA31A /* StorageManager.swift in Sources */,
				D334444C2870638500EBA31A /* AppDelegate.swift in Sources */,
				D3184C0428735636009F046B /* User.swift in Sources */,
				D3A4B421287BE86A009CB3C6 /* PayWallHeaderView.swift in Sources */,
				D301CAC328773596004E4688 /* SignUpViewController.swift in Sources */,
				D3344470287083D200EBA31A /* DataBaseManager.swift in Sources */,
				D301CAC7287735EF004E4688 /* ProfileViewController.swift in Sources */,
				D301CAC12877358B004E4688 /* SignInViewController.swift in Sources */,
				D328E58B2889396300C48E23 /* SignInHeaderView.swift in Sources */,
				D301CACB2877390A004E4688 /* CreateNewPostViewController.swift in Sources */,
				D301CAC5287735E3004E4688 /* HomeViewController.swift in Sources */,
				D301CACD28773927004E4688 /* ViewPostViewController.swift in Sources */,
				D3344472287083EA00EBA31A /* AuthManager.swift in Sources */,
				D334444E2870638500EBA31A /* SceneDelegate.swift in Sources */,
				D334446E287083BB00EBA31A /* IAPManager.swift in Sources */,
				D301CAD028773972004E4688 /* PayWallViewController.swift in Sources */,
			);
			runOnlyForDeploymentPostprocessing = 0;
		};
/* End PBXSourcesBuildPhase section */

/* Begin PBXVariantGroup section */
		D33444562870638600EBA31A /* LaunchScreen.storyboard */ = {
			isa = PBXVariantGroup;
			children = (
				D33444572870638600EBA31A /* Base */,
			);
			name = LaunchScreen.storyboard;
			sourceTree = "<group>";
		};
/* End PBXVariantGroup section */

/* Begin XCBuildConfiguration section */
		D334445A2870638600EBA31A /* Debug */ = {
			isa = XCBuildConfiguration;
			buildSettings = {
				ALWAYS_SEARCH_USER_PATHS = NO;
				CLANG_ANALYZER_NONNULL = YES;
				CLANG_ANALYZER_NUMBER_OBJECT_CONVERSION = YES_AGGRESSIVE;
				CLANG_CXX_LANGUAGE_STANDARD = "gnu++17";
				CLANG_ENABLE_MODULES = YES;
				CLANG_ENABLE_OBJC_ARC = YES;
				CLANG_ENABLE_OBJC_WEAK = YES;
				CLANG_WARN_BLOCK_CAPTURE_AUTORELEASING = YES;
				CLANG_WARN_BOOL_CONVERSION = YES;
				CLANG_WARN_COMMA = YES;
				CLANG_WARN_CONSTANT_CONVERSION = YES;
				CLANG_WARN_DEPRECATED_OBJC_IMPLEMENTATIONS = YES;
				CLANG_WARN_DIRECT_OBJC_ISA_USAGE = YES_ERROR;
				CLANG_WARN_DOCUMENTATION_COMMENTS = YES;
				CLANG_WARN_EMPTY_BODY = YES;
				CLANG_WARN_ENUM_CONVERSION = YES;
				CLANG_WARN_INFINITE_RECURSION = YES;
				CLANG_WARN_INT_CONVERSION = YES;
				CLANG_WARN_NON_LITERAL_NULL_CONVERSION = YES;
				CLANG_WARN_OBJC_IMPLICIT_RETAIN_SELF = YES;
				CLANG_WARN_OBJC_LITERAL_CONVERSION = YES;
				CLANG_WARN_OBJC_ROOT_CLASS = YES_ERROR;
				CLANG_WARN_QUOTED_INCLUDE_IN_FRAMEWORK_HEADER = YES;
				CLANG_WARN_RANGE_LOOP_ANALYSIS = YES;
				CLANG_WARN_STRICT_PROTOTYPES = YES;
				CLANG_WARN_SUSPICIOUS_MOVE = YES;
				CLANG_WARN_UNGUARDED_AVAILABILITY = YES_AGGRESSIVE;
				CLANG_WARN_UNREACHABLE_CODE = YES;
				CLANG_WARN__DUPLICATE_METHOD_MATCH = YES;
				COPY_PHASE_STRIP = NO;
				DEBUG_INFORMATION_FORMAT = dwarf;
				ENABLE_STRICT_OBJC_MSGSEND = YES;
				ENABLE_TESTABILITY = YES;
				GCC_C_LANGUAGE_STANDARD = gnu11;
				GCC_DYNAMIC_NO_PIC = NO;
				GCC_NO_COMMON_BLOCKS = YES;
				GCC_OPTIMIZATION_LEVEL = 0;
				GCC_PREPROCESSOR_DEFINITIONS = (
					"DEBUG=1",
					"$(inherited)",
				);
				GCC_WARN_64_TO_32_BIT_CONVERSION = YES;
				GCC_WARN_ABOUT_RETURN_TYPE = YES_ERROR;
				GCC_WARN_UNDECLARED_SELECTOR = YES;
				GCC_WARN_UNINITIALIZED_AUTOS = YES_AGGRESSIVE;
				GCC_WARN_UNUSED_FUNCTION = YES;
				GCC_WARN_UNUSED_VARIABLE = YES;
				IPHONEOS_DEPLOYMENT_TARGET = 15.5;
				MTL_ENABLE_DEBUG_INFO = INCLUDE_SOURCE;
				MTL_FAST_MATH = YES;
				ONLY_ACTIVE_ARCH = YES;
				SDKROOT = iphoneos;
				SWIFT_ACTIVE_COMPILATION_CONDITIONS = DEBUG;
				SWIFT_OPTIMIZATION_LEVEL = "-Onone";
			};
			name = Debug;
		};
		D334445B2870638600EBA31A /* Release */ = {
			isa = XCBuildConfiguration;
			buildSettings = {
				ALWAYS_SEARCH_USER_PATHS = NO;
				CLANG_ANALYZER_NONNULL = YES;
				CLANG_ANALYZER_NUMBER_OBJECT_CONVERSION = YES_AGGRESSIVE;
				CLANG_CXX_LANGUAGE_STANDARD = "gnu++17";
				CLANG_ENABLE_MODULES = YES;
				CLANG_ENABLE_OBJC_ARC = YES;
				CLANG_ENABLE_OBJC_WEAK = YES;
				CLANG_WARN_BLOCK_CAPTURE_AUTORELEASING = YES;
				CLANG_WARN_BOOL_CONVERSION = YES;
				CLANG_WARN_COMMA = YES;
				CLANG_WARN_CONSTANT_CONVERSION = YES;
				CLANG_WARN_DEPRECATED_OBJC_IMPLEMENTATIONS = YES;
				CLANG_WARN_DIRECT_OBJC_ISA_USAGE = YES_ERROR;
				CLANG_WARN_DOCUMENTATION_COMMENTS = YES;
				CLANG_WARN_EMPTY_BODY = YES;
				CLANG_WARN_ENUM_CONVERSION = YES;
				CLANG_WARN_INFINITE_RECURSION = YES;
				CLANG_WARN_INT_CONVERSION = YES;
				CLANG_WARN_NON_LITERAL_NULL_CONVERSION = YES;
				CLANG_WARN_OBJC_IMPLICIT_RETAIN_SELF = YES;
				CLANG_WARN_OBJC_LITERAL_CONVERSION = YES;
				CLANG_WARN_OBJC_ROOT_CLASS = YES_ERROR;
				CLANG_WARN_QUOTED_INCLUDE_IN_FRAMEWORK_HEADER = YES;
				CLANG_WARN_RANGE_LOOP_ANALYSIS = YES;
				CLANG_WARN_STRICT_PROTOTYPES = YES;
				CLANG_WARN_SUSPICIOUS_MOVE = YES;
				CLANG_WARN_UNGUARDED_AVAILABILITY = YES_AGGRESSIVE;
				CLANG_WARN_UNREACHABLE_CODE = YES;
				CLANG_WARN__DUPLICATE_METHOD_MATCH = YES;
				COPY_PHASE_STRIP = NO;
				DEBUG_INFORMATION_FORMAT = "dwarf-with-dsym";
				ENABLE_NS_ASSERTIONS = NO;
				ENABLE_STRICT_OBJC_MSGSEND = YES;
				GCC_C_LANGUAGE_STANDARD = gnu11;
				GCC_NO_COMMON_BLOCKS = YES;
				GCC_WARN_64_TO_32_BIT_CONVERSION = YES;
				GCC_WARN_ABOUT_RETURN_TYPE = YES_ERROR;
				GCC_WARN_UNDECLARED_SELECTOR = YES;
				GCC_WARN_UNINITIALIZED_AUTOS = YES_AGGRESSIVE;
				GCC_WARN_UNUSED_FUNCTION = YES;
				GCC_WARN_UNUSED_VARIABLE = YES;
				IPHONEOS_DEPLOYMENT_TARGET = 15.5;
				MTL_ENABLE_DEBUG_INFO = NO;
				MTL_FAST_MATH = YES;
				SDKROOT = iphoneos;
				SWIFT_COMPILATION_MODE = wholemodule;
				SWIFT_OPTIMIZATION_LEVEL = "-O";
				VALIDATE_PRODUCT = YES;
			};
			name = Release;
		};
		D334445D2870638600EBA31A /* Debug */ = {
			isa = XCBuildConfiguration;
			baseConfigurationReference = 33C48FDCDCA5DD963B6C7134 /* Pods-Blog App.debug.xcconfig */;
			buildSettings = {
				ASSETCATALOG_COMPILER_APPICON_NAME = AppIcon;
				ASSETCATALOG_COMPILER_GLOBAL_ACCENT_COLOR_NAME = AccentColor;
				CODE_SIGN_STYLE = Automatic;
				CURRENT_PROJECT_VERSION = 1;
				DEVELOPMENT_TEAM = 95S4N2TWZ7;
				GENERATE_INFOPLIST_FILE = YES;
				INFOPLIST_FILE = "Blog App/Info.plist";
				INFOPLIST_KEY_UIApplicationSupportsIndirectInputEvents = YES;
				INFOPLIST_KEY_UILaunchStoryboardName = LaunchScreen;
				INFOPLIST_KEY_UISupportedInterfaceOrientations = UIInterfaceOrientationPortrait;
				INFOPLIST_KEY_UISupportedInterfaceOrientations_iPad = "UIInterfaceOrientationPortrait UIInterfaceOrientationPortraitUpsideDown UIInterfaceOrientationLandscapeLeft UIInterfaceOrientationLandscapeRight";
				INFOPLIST_KEY_UISupportedInterfaceOrientations_iPhone = "UIInterfaceOrientationPortrait UIInterfaceOrientationLandscapeLeft UIInterfaceOrientationLandscapeRight";
				LD_RUNPATH_SEARCH_PATHS = (
					"$(inherited)",
					"@executable_path/Frameworks",
				);
				MARKETING_VERSION = 1.0;
				PRODUCT_BUNDLE_IDENTIFIER = "com.abylay.Blog-App";
				PRODUCT_NAME = "$(TARGET_NAME)";
				SWIFT_EMIT_LOC_STRINGS = YES;
				SWIFT_VERSION = 5.0;
				TARGETED_DEVICE_FAMILY = 1;
			};
			name = Debug;
		};
		D334445E2870638600EBA31A /* Release */ = {
			isa = XCBuildConfiguration;
			baseConfigurationReference = CB9E100D96D0A637D461047E /* Pods-Blog App.release.xcconfig */;
			buildSettings = {
				ASSETCATALOG_COMPILER_APPICON_NAME = AppIcon;
				ASSETCATALOG_COMPILER_GLOBAL_ACCENT_COLOR_NAME = AccentColor;
				CODE_SIGN_STYLE = Automatic;
				CURRENT_PROJECT_VERSION = 1;
				DEVELOPMENT_TEAM = 95S4N2TWZ7;
				GENERATE_INFOPLIST_FILE = YES;
				INFOPLIST_FILE = "Blog App/Info.plist";
				INFOPLIST_KEY_UIApplicationSupportsIndirectInputEvents = YES;
				INFOPLIST_KEY_UILaunchStoryboardName = LaunchScreen;
				INFOPLIST_KEY_UISupportedInterfaceOrientations = UIInterfaceOrientationPortrait;
				INFOPLIST_KEY_UISupportedInterfaceOrientations_iPad = "UIInterfaceOrientationPortrait UIInterfaceOrientationPortraitUpsideDown UIInterfaceOrientationLandscapeLeft UIInterfaceOrientationLandscapeRight";
				INFOPLIST_KEY_UISupportedInterfaceOrientations_iPhone = "UIInterfaceOrientationPortrait UIInterfaceOrientationLandscapeLeft UIInterfaceOrientationLandscapeRight";
				LD_RUNPATH_SEARCH_PATHS = (
					"$(inherited)",
					"@executable_path/Frameworks",
				);
				MARKETING_VERSION = 1.0;
				PRODUCT_BUNDLE_IDENTIFIER = "com.abylay.Blog-App";
				PRODUCT_NAME = "$(TARGET_NAME)";
				SWIFT_EMIT_LOC_STRINGS = YES;
				SWIFT_VERSION = 5.0;
				TARGETED_DEVICE_FAMILY = 1;
			};
			name = Release;
		};
/* End XCBuildConfiguration section */

/* Begin XCConfigurationList section */
		D33444432870638500EBA31A /* Build configuration list for PBXProject "Blog App" */ = {
			isa = XCConfigurationList;
			buildConfigurations = (
				D334445A2870638600EBA31A /* Debug */,
				D334445B2870638600EBA31A /* Release */,
			);
			defaultConfigurationIsVisible = 0;
			defaultConfigurationName = Release;
		};
		D334445C2870638600EBA31A /* Build configuration list for PBXNativeTarget "Blog App" */ = {
			isa = XCConfigurationList;
			buildConfigurations = (
				D334445D2870638600EBA31A /* Debug */,
				D334445E2870638600EBA31A /* Release */,
			);
			defaultConfigurationIsVisible = 0;
			defaultConfigurationName = Release;
		};
/* End XCConfigurationList section */
	};
	rootObject = D33444402870638500EBA31A /* Project object */;
}
